
Microsoft Visual Studio Solution File, Format Version 12.00
# Visual Studio Version 17
VisualStudioVersion = 17.6.33829.357
MinimumVisualStudioVersion = 10.0.40219.1
Project("{FAE04EC0-301F-11D3-BF4B-00C04F79EFBC}") = "Unit of Work", "Unit of Work\Unit of Work.csproj", "{F795BA50-A096-48CF-991E-5A30680597C4}"
EndProject
Project("{FAE04EC0-301F-11D3-BF4B-00C04F79EFBC}") = "DataLayer", "DataLayer\DataLayer.csproj", "{67593F4E-8503-4D71-B559-BBE2BDA5D584}"
EndProject
Project("{FAE04EC0-301F-11D3-BF4B-00C04F79EFBC}") = "ModelLayer", "ModelLayer\ModelLayer.csproj", "{BE0EA080-0F66-4390-9BD4-6887F94569F7}"
EndProject
Global
	GlobalSection(SolutionConfigurationPlatforms) = preSolution
		Debug|Any CPU = Debug|Any CPU
		Release|Any CPU = Release|Any CPU
	EndGlobalSection
	GlobalSection(ProjectConfigurationPlatforms) = postSolution
		{F795BA50-A096-48CF-991E-5A30680597C4}.Debug|Any CPU.ActiveCfg = Debug|Any CPU
		{F795BA50-A096-48CF-991E-5A30680597C4}.Debug|Any CPU.Build.0 = Debug|Any CPU
		{F795BA50-A096-48CF-991E-5A30680597C4}.Release|Any CPU.ActiveCfg = Release|Any CPU
		{F795BA50-A096-48CF-991E-5A30680597C4}.Release|Any CPU.Build.0 = Release|Any CPU
		{67593F4E-8503-4D71-B559-BBE2BDA5D584}.Debug|Any CPU.ActiveCfg = Debug|Any CPU
		{67593F4E-8503-4D71-B559-BBE2BDA5D584}.Debug|Any CPU.Build.0 = Debug|Any CPU
		{67593F4E-8503-4D71-B559-BBE2BDA5D584}.Release|Any CPU.ActiveCfg = Release|Any CPU
		{67593F4E-8503-4D71-B559-BBE2BDA5D584}.Release|Any CPU.Build.0 = Release|Any CPU
		{BE0EA080-0F66-4390-9BD4-6887F94569F7}.Debug|Any CPU.ActiveCfg = Debug|Any CPU
		{BE0EA080-0F66-4390-9BD4-6887F94569F7}.Debug|Any CPU.Build.0 = Debug|Any CPU
		{BE0EA080-0F66-4390-9BD4-6887F94569F7}.Release|Any CPU.ActiveCfg = Release|Any CPU
		{BE0EA080-0F66-4390-9BD4-6887F94569F7}.Release|Any CPU.Build.0 = Release|Any CPU
	EndGlobalSection
	GlobalSection(SolutionProperties) = preSolution
		HideSolutionNode = FALSE
	EndGlobalSection
	GlobalSection(ExtensibilityGlobals) = postSolution
		SolutionGuid = {BB983C75-3315-4A53-B7D7-C6AF420DB6F5}
	EndGlobalSection
EndGlobal
